# This file is automatically @generated by Cargo.
# It is not intended for manual editing.
version = 4

[[package]]
name = "ddp-daemon"
version = "2.0.0-alpha"

[[package]]
name = "ddp-engine"
version = "2.0.0-alpha"

[[package]]
name = "ddp-engine-arm"
version = "2.0.0-alpha"

[[package]]
name = "ddp-lv2-linux"
version = "2.0.0-alpha"

[[package]]
name = "ddp-persistence"
version = "2.0.0-alpha"

[[package]]
name = "ddp-state"
version = "2.0.0-alpha"

[[package]]
name = "ddp-vst-windows"
version = "2.0.0-alpha"
